
Microsoft Visual Studio Solution File, Format Version 12.00
# Visual Studio Version 16
VisualStudioVersion = 16.0.30011.22
MinimumVisualStudioVersion = 10.0.40219.1
Project("{9A19103F-16F7-4668-BE54-9A1E7A4F7556}") = "OnlineRegisterConsole", "OnlineRegisterConsole\OnlineRegisterConsole.csproj", "{A7D666BE-FB92-43F8-A45C-33971F7D0482}"
	ProjectSection(ProjectDependencies) = postProject
		{B4DE0BE7-3565-48B3-8E0D-D8DCF2040338} = {B4DE0BE7-3565-48B3-8E0D-D8DCF2040338}
	EndProjectSection
EndProject
Project("{FAE04EC0-301F-11D3-BF4B-00C04F79EFBC}") = "OnlineRegisterClassLibrary", "OnlineRegisterClassLibrary\OnlineRegisterClassLibrary.csproj", "{B4DE0BE7-3565-48B3-8E0D-D8DCF2040338}"
EndProject
Global
	GlobalSection(SolutionConfigurationPlatforms) = preSolution
		Debug|Any CPU = Debug|Any CPU
		Release|Any CPU = Release|Any CPU
	EndGlobalSection
	GlobalSection(ProjectConfigurationPlatforms) = postSolution
		{A7D666BE-FB92-43F8-A45C-33971F7D0482}.Debug|Any CPU.ActiveCfg = Debug|Any CPU
		{A7D666BE-FB92-43F8-A45C-33971F7D0482}.Debug|Any CPU.Build.0 = Debug|Any CPU
		{A7D666BE-FB92-43F8-A45C-33971F7D0482}.Release|Any CPU.ActiveCfg = Release|Any CPU
		{A7D666BE-FB92-43F8-A45C-33971F7D0482}.Release|Any CPU.Build.0 = Release|Any CPU
		{B4DE0BE7-3565-48B3-8E0D-D8DCF2040338}.Debug|Any CPU.ActiveCfg = Debug|Any CPU
		{B4DE0BE7-3565-48B3-8E0D-D8DCF2040338}.Debug|Any CPU.Build.0 = Debug|Any CPU
		{B4DE0BE7-3565-48B3-8E0D-D8DCF2040338}.Release|Any CPU.ActiveCfg = Release|Any CPU
		{B4DE0BE7-3565-48B3-8E0D-D8DCF2040338}.Release|Any CPU.Build.0 = Release|Any CPU
	EndGlobalSection
	GlobalSection(SolutionProperties) = preSolution
		HideSolutionNode = FALSE
	EndGlobalSection
	GlobalSection(ExtensibilityGlobals) = postSolution
		SolutionGuid = {653D8527-2303-4FA9-9F4A-693DF859D1ED}
	EndGlobalSection
EndGlobal
